# This file is autogenerated, do not edit; changes may be undone by the next 'dep ensure'.


[[projects]]
  branch = "master"
  name = "astuart.co/goq"
  packages = ["."]
  revision = "77b263fb8a927d0394229ec12c5a17f0eda99d9c"

[[projects]]
  name = "github.com/PuerkitoBio/goquery"
  packages = ["."]
  revision = "a86ea073017a6beddef78c8659e7224e8ca634b0"
  version = "v1.4.0"

[[projects]]
  name = "github.com/RoaringBitmap/roaring"
  packages = ["."]
  revision = "0a6691af7cd3c226e37bcf45fa19f427b615edcd"
  version = "v0.4.0"

[[projects]]
  branch = "master"
  name = "github.com/anacrolix/dht"
  packages = [
    ".",
    "krpc"
  ]
  revision = "d16ede1d837fae13f52778d556af12470249cfac"

[[projects]]
  branch = "master"
  name = "github.com/anacrolix/go-libutp"
  packages = ["."]
  revision = "4aa1b27016b289f786f425fd1474274c1292aa0a"

[[projects]]
  branch = "master"
  name = "github.com/anacrolix/missinggo"
  packages = [
    ".",
    "assert",
    "bitmap",
    "httptoo",
    "inproc",
    "iter",
    "mime",
    "orderedmap",
    "perf",
    "pproffd",
    "prioritybitmap",
    "pubsub",
    "resource",
    "slices",
    "x"
  ]
  revision = "645547693a6802592a8b638b068b9176d6d86084"

[[projects]]
  branch = "master"
  name = "github.com/anacrolix/mmsg"
  packages = [
    ".",
    "socket"
  ]
  revision = "16d9a5f35402e33c2fe396f1aa7de06f245fa62d"

[[projects]]
  branch = "master"
  name = "github.com/anacrolix/sync"
  packages = ["."]
  revision = "eee974e4f8c1e1f38d16e32713dd408d6b02ca55"

[[projects]]
  name = "github.com/anacrolix/torrent"
  packages = [
    ".",
    "bencode",
    "iplist",
    "logonce",
    "metainfo",
    "mmap_span",
    "mse",
    "peer_protocol",
    "storage",
    "tracker",
    "util"
  ]
  revision = "fe9839f81886c29a77fb1203017c5c428808b882"

[[projects]]
  branch = "master"
  name = "github.com/anacrolix/utp"
  packages = ["."]
  revision = "87ba7933b8d7520e5e6e27460e25e42c2fccab9f"

[[projects]]
  name = "github.com/andybalholm/cascadia"
  packages = ["."]
  revision = "901648c87902174f774fac311d7f176f8647bdaa"
  version = "v1.0.0"

[[projects]]
  name = "github.com/boltdb/bolt"
  packages = ["."]
  revision = "2f1ce7a837dcb8da3ec595b1dac9d0632f0f99e8"
  version = "v1.3.1"

[[projects]]
  branch = "master"
  name = "github.com/bradfitz/iter"
  packages = ["."]
  revision = "454541ec3da2a73fc34fd049b19ee5777bf19345"

[[projects]]
  name = "github.com/dustin/go-humanize"
  packages = ["."]
  revision = "bb3d318650d48840a39aa21a027c6630e198e626"

[[projects]]
  branch = "master"
  name = "github.com/edsrzf/mmap-go"
  packages = ["."]
  revision = "0bce6a6887123b67a60366d2c9fe2dfb74289d2e"

[[projects]]
  branch = "master"
  name = "github.com/glycerine/go-unsnap-stream"
  packages = ["."]
  revision = "62a9a9eb44fd8932157b1a8ace2149eff5971af6"

[[projects]]
  branch = "master"
  name = "github.com/golang/snappy"
  packages = ["."]
  revision = "553a641470496b2327abcac10b36396bd98e45c9"

[[projects]]
  branch = "master"
  name = "github.com/google/btree"
  packages = ["."]
  revision = "316fb6d3f031ae8f4d457c6c5186b9e3ded70435"

[[projects]]
  name = "github.com/mattn/go-sqlite3"
  packages = ["."]
  revision = "ed69081a91fd053f17672236b0dd52ba7485e1a3"
  version = "v1.4.0"

[[projects]]
  branch = "master"
  name = "github.com/mschoch/smat"
  packages = ["."]
  revision = "90eadee771aeab36e8bf796039b8c261bebebe4f"

[[projects]]
  branch = "master"
  name = "github.com/petar/GoLLRB"
  packages = ["llrb"]
  revision = "53be0d36a84c2a886ca057d34b6aa4468df9ccb4"

[[projects]]
  name = "github.com/philhofer/fwd"
  packages = ["."]
  revision = "bb6d471dc95d4fe11e432687f8b70ff496cf3136"
  version = "v1.0.0"

[[projects]]
  branch = "master"
  name = "github.com/ryszard/goskiplist"
  packages = ["skiplist"]
  revision = "2dfbae5fcf46374f166f8969cb07e167f1be6273"

[[projects]]
  name = "github.com/spaolacci/murmur3"
  packages = ["."]
  revision = "9f5d223c60793748f04a9d5b4b4eacddfc1f755d"
  version = "v1.1"

[[projects]]
  name = "github.com/tinylib/msgp"
  packages = ["msgp"]
  revision = "b2b6a672cf1e5b90748f79b8b81fc8c5cf0571a1"
  version = "1.0.2"

[[projects]]
  name = "github.com/willf/bitset"
  packages = ["."]
  revision = "d860f346b89450988a379d7d705e83c58d1ea227"
  version = "v1.1.3"

[[projects]]
  name = "github.com/willf/bloom"
  packages = ["."]
  revision = "54e3b963ee1652b06c4562cb9b6020ebc6e36e59"
  version = "v2.0.3"

[[projects]]
  branch = "master"
  name = "golang.org/x/net"
  packages = [
    "context",
    "html",
    "html/atom"
  ]
  revision = "434ec0c7fe3742c984919a691b2018a6e9694425"

[[projects]]
  branch = "master"
  name = "golang.org/x/sys"
  packages = ["unix"]
  revision = "810d7000345868fc619eb81f46307107118f4ae1"

[[projects]]
  branch = "master"
  name = "golang.org/x/time"
  packages = ["rate"]
  revision = "6dc17368e09b0e8634d71cac8168d853e869a0c7"

[solve-meta]
  analyzer-name = "dep"
  analyzer-version = 1
  inputs-digest = "3a5fda8b298e9c5272a701a44b87b89f548f2b61fedb9094a4ebe8ad3d1a474f"
  solver-name = "gps-cdcl"
  solver-version = 1
